if [ ! -f package-lock.json ]; then
  # Se não existe package-lock.json, cria um
  if [ -f package.json ]; then
    npm install --package-lock-only --no-audit --no-fund
  else
    npm init -y
    npm install --package-lock-only --no-audit --no-fund
  fi
else
  # Se já existe package-lock.json, usa npm ci
  npm ci --no-audit --no-fund
fi
